
Microsoft Visual Studio Solution File, Format Version 12.00
# Visual Studio 2013
VisualStudioVersion = 12.0.21005.1
MinimumVisualStudioVersion = 10.0.40219.1
Project("{FAE04EC0-301F-11D3-BF4B-00C04F79EFBC}") = "One", "One\One.csproj", "{1148367E-4D6D-4563-9749-85B38FC445F2}"
EndProject
Project("{FAE04EC0-301F-11D3-BF4B-00C04F79EFBC}") = "Desk", "Desk\Desk.csproj", "{5FEF5398-BC74-458F-9D12-F965D1E9A712}"
EndProject
Project("{FAE04EC0-301F-11D3-BF4B-00C04F79EFBC}") = "Math", "Math\Math.csproj", "{8F9C37E9-F8EA-47F5-A318-54D6D7CD075B}"
EndProject
Project("{FAE04EC0-301F-11D3-BF4B-00C04F79EFBC}") = "IO", "IO\IO.csproj", "{61618056-61F0-46AE-95A5-1AA56E199775}"
EndProject
Project("{FAE04EC0-301F-11D3-BF4B-00C04F79EFBC}") = "Test", "Test\Test.csproj", "{23FAD396-EA3A-4E88-8F31-C70D4F2AE9B3}"
EndProject
Project("{FAE04EC0-301F-11D3-BF4B-00C04F79EFBC}") = "Text", "Text\Text.csproj", "{FA2677E7-52C9-454C-BEFB-AD58C916B0C8}"
EndProject
Project("{FAE04EC0-301F-11D3-BF4B-00C04F79EFBC}") = "Expression", "Expression\Expression.csproj", "{44649D19-3A43-4863-A734-99A643B6D882}"
EndProject
Project("{FAE04EC0-301F-11D3-BF4B-00C04F79EFBC}") = "2D", "2D\2D.csproj", "{11567B53-CFFE-436A-ADD9-E592A22EC387}"
EndProject
Project("{FAE04EC0-301F-11D3-BF4B-00C04F79EFBC}") = "3D", "3D\3D.csproj", "{465F9CAB-5984-459D-AB13-8909AEC3B128}"
EndProject
Project("{FAE04EC0-301F-11D3-BF4B-00C04F79EFBC}") = "Thread", "Thread\Thread.csproj", "{4C7C3782-D614-4A60-916A-626A3FA17408}"
EndProject
Project("{FAE04EC0-301F-11D3-BF4B-00C04F79EFBC}") = "Commu", "Commu\Commu.csproj", "{72E77ABB-0E80-4F0D-8EEA-A03A4B7E2994}"
EndProject
Project("{FAE04EC0-301F-11D3-BF4B-00C04F79EFBC}") = "Client", "Client\Client.csproj", "{7F565624-4CA6-4F02-911F-5387634852DA}"
EndProject
Project("{FAE04EC0-301F-11D3-BF4B-00C04F79EFBC}") = "Server", "Server\Server.csproj", "{DFD1AA24-BDDE-4037-B655-B0ECD83F6A65}"
EndProject
Project("{FAE04EC0-301F-11D3-BF4B-00C04F79EFBC}") = "Language", "Language\Language.csproj", "{173AEB99-32CB-4401-910F-EB8714AE005F}"
EndProject
Project("{FAE04EC0-301F-11D3-BF4B-00C04F79EFBC}") = "Picture", "Picture\Picture.csproj", "{7F9FFCC9-BE10-4A4E-92D2-9A276ADF4848}"
EndProject
Project("{FAE04EC0-301F-11D3-BF4B-00C04F79EFBC}") = "Animation", "Animation\Animation.csproj", "{3B42115D-6EED-4AE8-8003-A81430F6E79C}"
EndProject
Project("{FAE04EC0-301F-11D3-BF4B-00C04F79EFBC}") = "Sound", "Sound\Sound.csproj", "{B600F90A-3F01-49EC-B328-9D692A406409}"
EndProject
Project("{FAE04EC0-301F-11D3-BF4B-00C04F79EFBC}") = "Physics", "Physics\Physics.csproj", "{92B573FF-94CB-4782-8C73-2DEEFB76DEA0}"
EndProject
Project("{FAE04EC0-301F-11D3-BF4B-00C04F79EFBC}") = "Game", "Game\Game.csproj", "{28C10A32-1718-472D-B027-69BF5E22A732}"
EndProject
Project("{FAE04EC0-301F-11D3-BF4B-00C04F79EFBC}") = "View", "View\View.csproj", "{113F1F66-4B34-4A0F-B6DD-CE815B487CE7}"
EndProject
Project("{FAE04EC0-301F-11D3-BF4B-00C04F79EFBC}") = "Persistence", "Persistence\Persistence.csproj", "{57A76658-FA5D-401C-8324-01997FE9BF7A}"
EndProject
Project("{FAE04EC0-301F-11D3-BF4B-00C04F79EFBC}") = "Mapping", "Mapping\Mapping.csproj", "{B4A57307-536A-4F38-B3F3-0BB08D196962}"
EndProject
Project("{FAE04EC0-301F-11D3-BF4B-00C04F79EFBC}") = "Format", "Format\Format.csproj", "{88BDBF77-7113-48D0-B7BC-19D482CC841D}"
EndProject
Project("{FAE04EC0-301F-11D3-BF4B-00C04F79EFBC}") = "DesignPatterns", "DesignPatterns\DesignPatterns.csproj", "{0FCB8667-2E0F-4F3B-BF4D-9EA19796E91B}"
EndProject
Global
	GlobalSection(SolutionConfigurationPlatforms) = preSolution
		Debug|Any CPU = Debug|Any CPU
		Release|Any CPU = Release|Any CPU
	EndGlobalSection
	GlobalSection(ProjectConfigurationPlatforms) = postSolution
		{1148367E-4D6D-4563-9749-85B38FC445F2}.Debug|Any CPU.ActiveCfg = Debug|Any CPU
		{1148367E-4D6D-4563-9749-85B38FC445F2}.Debug|Any CPU.Build.0 = Debug|Any CPU
		{1148367E-4D6D-4563-9749-85B38FC445F2}.Release|Any CPU.ActiveCfg = Release|Any CPU
		{1148367E-4D6D-4563-9749-85B38FC445F2}.Release|Any CPU.Build.0 = Release|Any CPU
		{5FEF5398-BC74-458F-9D12-F965D1E9A712}.Debug|Any CPU.ActiveCfg = Debug|Any CPU
		{5FEF5398-BC74-458F-9D12-F965D1E9A712}.Debug|Any CPU.Build.0 = Debug|Any CPU
		{5FEF5398-BC74-458F-9D12-F965D1E9A712}.Release|Any CPU.ActiveCfg = Release|Any CPU
		{5FEF5398-BC74-458F-9D12-F965D1E9A712}.Release|Any CPU.Build.0 = Release|Any CPU
		{8F9C37E9-F8EA-47F5-A318-54D6D7CD075B}.Debug|Any CPU.ActiveCfg = Debug|Any CPU
		{8F9C37E9-F8EA-47F5-A318-54D6D7CD075B}.Debug|Any CPU.Build.0 = Debug|Any CPU
		{8F9C37E9-F8EA-47F5-A318-54D6D7CD075B}.Release|Any CPU.ActiveCfg = Release|Any CPU
		{8F9C37E9-F8EA-47F5-A318-54D6D7CD075B}.Release|Any CPU.Build.0 = Release|Any CPU
		{61618056-61F0-46AE-95A5-1AA56E199775}.Debug|Any CPU.ActiveCfg = Debug|Any CPU
		{61618056-61F0-46AE-95A5-1AA56E199775}.Debug|Any CPU.Build.0 = Debug|Any CPU
		{61618056-61F0-46AE-95A5-1AA56E199775}.Release|Any CPU.ActiveCfg = Release|Any CPU
		{61618056-61F0-46AE-95A5-1AA56E199775}.Release|Any CPU.Build.0 = Release|Any CPU
		{23FAD396-EA3A-4E88-8F31-C70D4F2AE9B3}.Debug|Any CPU.ActiveCfg = Debug|Any CPU
		{23FAD396-EA3A-4E88-8F31-C70D4F2AE9B3}.Debug|Any CPU.Build.0 = Debug|Any CPU
		{23FAD396-EA3A-4E88-8F31-C70D4F2AE9B3}.Release|Any CPU.ActiveCfg = Release|Any CPU
		{23FAD396-EA3A-4E88-8F31-C70D4F2AE9B3}.Release|Any CPU.Build.0 = Release|Any CPU
		{FA2677E7-52C9-454C-BEFB-AD58C916B0C8}.Debug|Any CPU.ActiveCfg = Debug|Any CPU
		{FA2677E7-52C9-454C-BEFB-AD58C916B0C8}.Debug|Any CPU.Build.0 = Debug|Any CPU
		{FA2677E7-52C9-454C-BEFB-AD58C916B0C8}.Release|Any CPU.ActiveCfg = Release|Any CPU
		{FA2677E7-52C9-454C-BEFB-AD58C916B0C8}.Release|Any CPU.Build.0 = Release|Any CPU
		{44649D19-3A43-4863-A734-99A643B6D882}.Debug|Any CPU.ActiveCfg = Debug|Any CPU
		{44649D19-3A43-4863-A734-99A643B6D882}.Debug|Any CPU.Build.0 = Debug|Any CPU
		{44649D19-3A43-4863-A734-99A643B6D882}.Release|Any CPU.ActiveCfg = Release|Any CPU
		{44649D19-3A43-4863-A734-99A643B6D882}.Release|Any CPU.Build.0 = Release|Any CPU
		{11567B53-CFFE-436A-ADD9-E592A22EC387}.Debug|Any CPU.ActiveCfg = Debug|Any CPU
		{11567B53-CFFE-436A-ADD9-E592A22EC387}.Debug|Any CPU.Build.0 = Debug|Any CPU
		{11567B53-CFFE-436A-ADD9-E592A22EC387}.Release|Any CPU.ActiveCfg = Release|Any CPU
		{11567B53-CFFE-436A-ADD9-E592A22EC387}.Release|Any CPU.Build.0 = Release|Any CPU
		{465F9CAB-5984-459D-AB13-8909AEC3B128}.Debug|Any CPU.ActiveCfg = Debug|Any CPU
		{465F9CAB-5984-459D-AB13-8909AEC3B128}.Debug|Any CPU.Build.0 = Debug|Any CPU
		{465F9CAB-5984-459D-AB13-8909AEC3B128}.Release|Any CPU.ActiveCfg = Release|Any CPU
		{465F9CAB-5984-459D-AB13-8909AEC3B128}.Release|Any CPU.Build.0 = Release|Any CPU
		{4C7C3782-D614-4A60-916A-626A3FA17408}.Debug|Any CPU.ActiveCfg = Debug|Any CPU
		{4C7C3782-D614-4A60-916A-626A3FA17408}.Debug|Any CPU.Build.0 = Debug|Any CPU
		{4C7C3782-D614-4A60-916A-626A3FA17408}.Release|Any CPU.ActiveCfg = Release|Any CPU
		{4C7C3782-D614-4A60-916A-626A3FA17408}.Release|Any CPU.Build.0 = Release|Any CPU
		{72E77ABB-0E80-4F0D-8EEA-A03A4B7E2994}.Debug|Any CPU.ActiveCfg = Debug|Any CPU
		{72E77ABB-0E80-4F0D-8EEA-A03A4B7E2994}.Debug|Any CPU.Build.0 = Debug|Any CPU
		{72E77ABB-0E80-4F0D-8EEA-A03A4B7E2994}.Release|Any CPU.ActiveCfg = Release|Any CPU
		{72E77ABB-0E80-4F0D-8EEA-A03A4B7E2994}.Release|Any CPU.Build.0 = Release|Any CPU
		{7F565624-4CA6-4F02-911F-5387634852DA}.Debug|Any CPU.ActiveCfg = Debug|Any CPU
		{7F565624-4CA6-4F02-911F-5387634852DA}.Debug|Any CPU.Build.0 = Debug|Any CPU
		{7F565624-4CA6-4F02-911F-5387634852DA}.Release|Any CPU.ActiveCfg = Release|Any CPU
		{7F565624-4CA6-4F02-911F-5387634852DA}.Release|Any CPU.Build.0 = Release|Any CPU
		{DFD1AA24-BDDE-4037-B655-B0ECD83F6A65}.Debug|Any CPU.ActiveCfg = Debug|Any CPU
		{DFD1AA24-BDDE-4037-B655-B0ECD83F6A65}.Debug|Any CPU.Build.0 = Debug|Any CPU
		{DFD1AA24-BDDE-4037-B655-B0ECD83F6A65}.Release|Any CPU.ActiveCfg = Release|Any CPU
		{DFD1AA24-BDDE-4037-B655-B0ECD83F6A65}.Release|Any CPU.Build.0 = Release|Any CPU
		{173AEB99-32CB-4401-910F-EB8714AE005F}.Debug|Any CPU.ActiveCfg = Debug|Any CPU
		{173AEB99-32CB-4401-910F-EB8714AE005F}.Debug|Any CPU.Build.0 = Debug|Any CPU
		{173AEB99-32CB-4401-910F-EB8714AE005F}.Release|Any CPU.ActiveCfg = Release|Any CPU
		{173AEB99-32CB-4401-910F-EB8714AE005F}.Release|Any CPU.Build.0 = Release|Any CPU
		{7F9FFCC9-BE10-4A4E-92D2-9A276ADF4848}.Debug|Any CPU.ActiveCfg = Debug|Any CPU
		{7F9FFCC9-BE10-4A4E-92D2-9A276ADF4848}.Debug|Any CPU.Build.0 = Debug|Any CPU
		{7F9FFCC9-BE10-4A4E-92D2-9A276ADF4848}.Release|Any CPU.ActiveCfg = Release|Any CPU
		{7F9FFCC9-BE10-4A4E-92D2-9A276ADF4848}.Release|Any CPU.Build.0 = Release|Any CPU
		{3B42115D-6EED-4AE8-8003-A81430F6E79C}.Debug|Any CPU.ActiveCfg = Debug|Any CPU
		{3B42115D-6EED-4AE8-8003-A81430F6E79C}.Debug|Any CPU.Build.0 = Debug|Any CPU
		{3B42115D-6EED-4AE8-8003-A81430F6E79C}.Release|Any CPU.ActiveCfg = Release|Any CPU
		{3B42115D-6EED-4AE8-8003-A81430F6E79C}.Release|Any CPU.Build.0 = Release|Any CPU
		{B600F90A-3F01-49EC-B328-9D692A406409}.Debug|Any CPU.ActiveCfg = Debug|Any CPU
		{B600F90A-3F01-49EC-B328-9D692A406409}.Debug|Any CPU.Build.0 = Debug|Any CPU
		{B600F90A-3F01-49EC-B328-9D692A406409}.Release|Any CPU.ActiveCfg = Release|Any CPU
		{B600F90A-3F01-49EC-B328-9D692A406409}.Release|Any CPU.Build.0 = Release|Any CPU
		{92B573FF-94CB-4782-8C73-2DEEFB76DEA0}.Debug|Any CPU.ActiveCfg = Debug|Any CPU
		{92B573FF-94CB-4782-8C73-2DEEFB76DEA0}.Debug|Any CPU.Build.0 = Debug|Any CPU
		{92B573FF-94CB-4782-8C73-2DEEFB76DEA0}.Release|Any CPU.ActiveCfg = Release|Any CPU
		{92B573FF-94CB-4782-8C73-2DEEFB76DEA0}.Release|Any CPU.Build.0 = Release|Any CPU
		{28C10A32-1718-472D-B027-69BF5E22A732}.Debug|Any CPU.ActiveCfg = Debug|Any CPU
		{28C10A32-1718-472D-B027-69BF5E22A732}.Debug|Any CPU.Build.0 = Debug|Any CPU
		{28C10A32-1718-472D-B027-69BF5E22A732}.Release|Any CPU.ActiveCfg = Release|Any CPU
		{28C10A32-1718-472D-B027-69BF5E22A732}.Release|Any CPU.Build.0 = Release|Any CPU
		{113F1F66-4B34-4A0F-B6DD-CE815B487CE7}.Debug|Any CPU.ActiveCfg = Debug|Any CPU
		{113F1F66-4B34-4A0F-B6DD-CE815B487CE7}.Debug|Any CPU.Build.0 = Debug|Any CPU
		{113F1F66-4B34-4A0F-B6DD-CE815B487CE7}.Release|Any CPU.ActiveCfg = Release|Any CPU
		{113F1F66-4B34-4A0F-B6DD-CE815B487CE7}.Release|Any CPU.Build.0 = Release|Any CPU
		{57A76658-FA5D-401C-8324-01997FE9BF7A}.Debug|Any CPU.ActiveCfg = Debug|Any CPU
		{57A76658-FA5D-401C-8324-01997FE9BF7A}.Debug|Any CPU.Build.0 = Debug|Any CPU
		{57A76658-FA5D-401C-8324-01997FE9BF7A}.Release|Any CPU.ActiveCfg = Release|Any CPU
		{57A76658-FA5D-401C-8324-01997FE9BF7A}.Release|Any CPU.Build.0 = Release|Any CPU
		{B4A57307-536A-4F38-B3F3-0BB08D196962}.Debug|Any CPU.ActiveCfg = Debug|Any CPU
		{B4A57307-536A-4F38-B3F3-0BB08D196962}.Debug|Any CPU.Build.0 = Debug|Any CPU
		{B4A57307-536A-4F38-B3F3-0BB08D196962}.Release|Any CPU.ActiveCfg = Release|Any CPU
		{B4A57307-536A-4F38-B3F3-0BB08D196962}.Release|Any CPU.Build.0 = Release|Any CPU
		{88BDBF77-7113-48D0-B7BC-19D482CC841D}.Debug|Any CPU.ActiveCfg = Debug|Any CPU
		{88BDBF77-7113-48D0-B7BC-19D482CC841D}.Debug|Any CPU.Build.0 = Debug|Any CPU
		{88BDBF77-7113-48D0-B7BC-19D482CC841D}.Release|Any CPU.ActiveCfg = Release|Any CPU
		{88BDBF77-7113-48D0-B7BC-19D482CC841D}.Release|Any CPU.Build.0 = Release|Any CPU
		{0FCB8667-2E0F-4F3B-BF4D-9EA19796E91B}.Debug|Any CPU.ActiveCfg = Debug|Any CPU
		{0FCB8667-2E0F-4F3B-BF4D-9EA19796E91B}.Debug|Any CPU.Build.0 = Debug|Any CPU
		{0FCB8667-2E0F-4F3B-BF4D-9EA19796E91B}.Release|Any CPU.ActiveCfg = Release|Any CPU
		{0FCB8667-2E0F-4F3B-BF4D-9EA19796E91B}.Release|Any CPU.Build.0 = Release|Any CPU
	EndGlobalSection
	GlobalSection(SolutionProperties) = preSolution
		HideSolutionNode = FALSE
	EndGlobalSection
EndGlobal
